// !$*UTF8*$!
{
	archiveVersion = 1;
	classes = {
	};
	objectVersion = 50;
	objects = {

/* Begin PBXBuildFile section */
		90462785239F104E0094D540 /* AppDelegate.swift in Sources */ = {isa = PBXBuildFile; fileRef = 90462784239F104E0094D540 /* AppDelegate.swift */; };
		90462787239F104E0094D540 /* SceneDelegate.swift in Sources */ = {isa = PBXBuildFile; fileRef = 90462786239F104E0094D540 /* SceneDelegate.swift */; };
		9046278C239F104E0094D540 /* Main.storyboard in Resources */ = {isa = PBXBuildFile; fileRef = 9046278A239F104E0094D540 /* Main.storyboard */; };
		9046278F239F104E0094D540 /* iddog.xcdatamodeld in Sources */ = {isa = PBXBuildFile; fileRef = 9046278D239F104E0094D540 /* iddog.xcdatamodeld */; };
		90462791239F104F0094D540 /* Assets.xcassets in Resources */ = {isa = PBXBuildFile; fileRef = 90462790239F104F0094D540 /* Assets.xcassets */; };
		90462794239F104F0094D540 /* LaunchScreen.storyboard in Resources */ = {isa = PBXBuildFile; fileRef = 90462792239F104F0094D540 /* LaunchScreen.storyboard */; };
		9046279F239F104F0094D540 /* iddogTests.swift in Sources */ = {isa = PBXBuildFile; fileRef = 9046279E239F104F0094D540 /* iddogTests.swift */; };
		904627AA239F104F0094D540 /* iddogUITests.swift in Sources */ = {isa = PBXBuildFile; fileRef = 904627A9239F104F0094D540 /* iddogUITests.swift */; };
		9070AEB023A07D0000297194 /* LoginViewController.swift in Sources */ = {isa = PBXBuildFile; fileRef = 9070AEAF23A07B5700297194 /* LoginViewController.swift */; };
		9070AEB623A07D8800297194 /* LoginViewModel.swift in Sources */ = {isa = PBXBuildFile; fileRef = 9070AEB523A07D8400297194 /* LoginViewModel.swift */; };
		9070AEBA23A07DAF00297194 /* EmailValidator.swift in Sources */ = {isa = PBXBuildFile; fileRef = 9070AEB923A07DAA00297194 /* EmailValidator.swift */; };
		9070AEBB23A07DB200297194 /* PasswordValidator.swift in Sources */ = {isa = PBXBuildFile; fileRef = 9070AEB823A07DAA00297194 /* PasswordValidator.swift */; };
		9070AEBE23A07DD900297194 /* LoginViewControllerProtocol.swift in Sources */ = {isa = PBXBuildFile; fileRef = 9070AEBD23A07DD300297194 /* LoginViewControllerProtocol.swift */; };
		9070AEC123A07DF700297194 /* LoginController.swift in Sources */ = {isa = PBXBuildFile; fileRef = 9070AEC023A07DF300297194 /* LoginController.swift */; };
		9070AEC423A07E2C00297194 /* LoginModel.swift in Sources */ = {isa = PBXBuildFile; fileRef = 9070AEC323A07E0600297194 /* LoginModel.swift */; };
/* End PBXBuildFile section */

/* Begin PBXContainerItemProxy section */
		9046279B239F104F0094D540 /* PBXContainerItemProxy */ = {
			isa = PBXContainerItemProxy;
			containerPortal = 90462779239F104E0094D540 /* Project object */;
			proxyType = 1;
			remoteGlobalIDString = 90462780239F104E0094D540;
			remoteInfo = iddog;
		};
		904627A6239F104F0094D540 /* PBXContainerItemProxy */ = {
			isa = PBXContainerItemProxy;
			containerPortal = 90462779239F104E0094D540 /* Project object */;
			proxyType = 1;
			remoteGlobalIDString = 90462780239F104E0094D540;
			remoteInfo = iddog;
		};
/* End PBXContainerItemProxy section */

/* Begin PBXFileReference section */
		90462781239F104E0094D540 /* iddog.app */ = {isa = PBXFileReference; explicitFileType = wrapper.application; includeInIndex = 0; path = iddog.app; sourceTree = BUILT_PRODUCTS_DIR; };
		90462784239F104E0094D540 /* AppDelegate.swift */ = {isa = PBXFileReference; lastKnownFileType = sourcecode.swift; path = AppDelegate.swift; sourceTree = "<group>"; };
		90462786239F104E0094D540 /* SceneDelegate.swift */ = {isa = PBXFileReference; lastKnownFileType = sourcecode.swift; path = SceneDelegate.swift; sourceTree = "<group>"; };
		9046278B239F104E0094D540 /* Base */ = {isa = PBXFileReference; lastKnownFileType = file.storyboard; name = Base; path = Base.lproj/Main.storyboard; sourceTree = "<group>"; };
		9046278E239F104E0094D540 /* iddog.xcdatamodel */ = {isa = PBXFileReference; lastKnownFileType = wrapper.xcdatamodel; path = iddog.xcdatamodel; sourceTree = "<group>"; };
		90462790239F104F0094D540 /* Assets.xcassets */ = {isa = PBXFileReference; lastKnownFileType = folder.assetcatalog; path = Assets.xcassets; sourceTree = "<group>"; };
		90462793239F104F0094D540 /* Base */ = {isa = PBXFileReference; lastKnownFileType = file.storyboard; name = Base; path = Base.lproj/LaunchScreen.storyboard; sourceTree = "<group>"; };
		90462795239F104F0094D540 /* Info.plist */ = {isa = PBXFileReference; lastKnownFileType = text.plist.xml; path = Info.plist; sourceTree = "<group>"; };
		9046279A239F104F0094D540 /* iddogTests.xctest */ = {isa = PBXFileReference; explicitFileType = wrapper.cfbundle; includeInIndex = 0; path = iddogTests.xctest; sourceTree = BUILT_PRODUCTS_DIR; };
		9046279E239F104F0094D540 /* iddogTests.swift */ = {isa = PBXFileReference; lastKnownFileType = sourcecode.swift; path = iddogTests.swift; sourceTree = "<group>"; };
		904627A0239F104F0094D540 /* Info.plist */ = {isa = PBXFileReference; lastKnownFileType = text.plist.xml; path = Info.plist; sourceTree = "<group>"; };
		904627A5239F104F0094D540 /* iddogUITests.xctest */ = {isa = PBXFileReference; explicitFileType = wrapper.cfbundle; includeInIndex = 0; path = iddogUITests.xctest; sourceTree = BUILT_PRODUCTS_DIR; };
		904627A9239F104F0094D540 /* iddogUITests.swift */ = {isa = PBXFileReference; lastKnownFileType = sourcecode.swift; path = iddogUITests.swift; sourceTree = "<group>"; };
		904627AB239F104F0094D540 /* Info.plist */ = {isa = PBXFileReference; lastKnownFileType = text.plist.xml; path = Info.plist; sourceTree = "<group>"; };
		9070AEAF23A07B5700297194 /* LoginViewController.swift */ = {isa = PBXFileReference; lastKnownFileType = sourcecode.swift; path = LoginViewController.swift; sourceTree = "<group>"; };
		9070AEB523A07D8400297194 /* LoginViewModel.swift */ = {isa = PBXFileReference; lastKnownFileType = sourcecode.swift; path = LoginViewModel.swift; sourceTree = "<group>"; };
		9070AEB823A07DAA00297194 /* PasswordValidator.swift */ = {isa = PBXFileReference; lastKnownFileType = sourcecode.swift; path = PasswordValidator.swift; sourceTree = "<group>"; };
		9070AEB923A07DAA00297194 /* EmailValidator.swift */ = {isa = PBXFileReference; lastKnownFileType = sourcecode.swift; path = EmailValidator.swift; sourceTree = "<group>"; };
		9070AEBD23A07DD300297194 /* LoginViewControllerProtocol.swift */ = {isa = PBXFileReference; lastKnownFileType = sourcecode.swift; path = LoginViewControllerProtocol.swift; sourceTree = "<group>"; };
		9070AEC023A07DF300297194 /* LoginController.swift */ = {isa = PBXFileReference; lastKnownFileType = sourcecode.swift; path = LoginController.swift; sourceTree = "<group>"; };
		9070AEC323A07E0600297194 /* LoginModel.swift */ = {isa = PBXFileReference; lastKnownFileType = sourcecode.swift; path = LoginModel.swift; sourceTree = "<group>"; };
/* End PBXFileReference section */

/* Begin PBXFrameworksBuildPhase section */
		9046277E239F104E0094D540 /* Frameworks */ = {
			isa = PBXFrameworksBuildPhase;
			buildActionMask = 2147483647;
			files = (
			);
			runOnlyForDeploymentPostprocessing = 0;
		};
		90462797239F104F0094D540 /* Frameworks */ = {
			isa = PBXFrameworksBuildPhase;
			buildActionMask = 2147483647;
			files = (
			);
			runOnlyForDeploymentPostprocessing = 0;
		};
		904627A2239F104F0094D540 /* Frameworks */ = {
			isa = PBXFrameworksBuildPhase;
			buildActionMask = 2147483647;
			files = (
			);
			runOnlyForDeploymentPostprocessing = 0;
		};
/* End PBXFrameworksBuildPhase section */

/* Begin PBXGroup section */
		90462778239F104E0094D540 = {
			isa = PBXGroup;
			children = (
				90462783239F104E0094D540 /* iddog */,
				9046279D239F104F0094D540 /* iddogTests */,
				904627A8239F104F0094D540 /* iddogUITests */,
				90462782239F104E0094D540 /* Products */,
			);
			sourceTree = "<group>";
		};
		90462782239F104E0094D540 /* Products */ = {
			isa = PBXGroup;
			children = (
				90462781239F104E0094D540 /* iddog.app */,
				9046279A239F104F0094D540 /* iddogTests.xctest */,
				904627A5239F104F0094D540 /* iddogUITests.xctest */,
			);
			name = Products;
			sourceTree = "<group>";
		};
		90462783239F104E0094D540 /* iddog */ = {
			isa = PBXGroup;
			children = (
				9070AEC223A07E0600297194 /* Models */,
				9070AEAE23A07B3600297194 /* Views */,
				9070AEB223A07D4900297194 /* ViewModels */,
				9070AEBF23A07DF300297194 /* Controllers */,
				9070AEBC23A07DD300297194 /* Protocols */,
				9070AEB723A07D9C00297194 /* Validators */,
				9070AEAB23A07AE600297194 /* Resources */,
				90462784239F104E0094D540 /* AppDelegate.swift */,
				90462786239F104E0094D540 /* SceneDelegate.swift */,
				90462795239F104F0094D540 /* Info.plist */,
				9046278D239F104E0094D540 /* iddog.xcdatamodeld */,
			);
			path = iddog;
			sourceTree = "<group>";
		};
		9046279D239F104F0094D540 /* iddogTests */ = {
			isa = PBXGroup;
			children = (
				9046279E239F104F0094D540 /* iddogTests.swift */,
				904627A0239F104F0094D540 /* Info.plist */,
			);
			path = iddogTests;
			sourceTree = "<group>";
		};
		904627A8239F104F0094D540 /* iddogUITests */ = {
			isa = PBXGroup;
			children = (
				904627A9239F104F0094D540 /* iddogUITests.swift */,
				904627AB239F104F0094D540 /* Info.plist */,
			);
			path = iddogUITests;
			sourceTree = "<group>";
		};
		9070AEAB23A07AE600297194 /* Resources */ = {
			isa = PBXGroup;
			children = (
				9070AEAC23A07AF000297194 /* Assets */,
				9070AEAD23A07AF700297194 /* Storyboards */,
			);
			path = Resources;
			sourceTree = "<group>";
		};
		9070AEAC23A07AF000297194 /* Assets */ = {
			isa = PBXGroup;
			children = (
				90462790239F104F0094D540 /* Assets.xcassets */,
			);
			path = Assets;
			sourceTree = "<group>";
		};
		9070AEAD23A07AF700297194 /* Storyboards */ = {
			isa = PBXGroup;
			children = (
				9046278A239F104E0094D540 /* Main.storyboard */,
				90462792239F104F0094D540 /* LaunchScreen.storyboard */,
			);
			path = Storyboards;
			sourceTree = "<group>";
		};
		9070AEAE23A07B3600297194 /* Views */ = {
			isa = PBXGroup;
			children = (
				9070AEAF23A07B5700297194 /* LoginViewController.swift */,
			);
			path = Views;
			sourceTree = "<group>";
		};
		9070AEB223A07D4900297194 /* ViewModels */ = {
			isa = PBXGroup;
			children = (
				9070AEB523A07D8400297194 /* LoginViewModel.swift */,
			);
			path = ViewModels;
			sourceTree = "<group>";
		};
		9070AEB723A07D9C00297194 /* Validators */ = {
			isa = PBXGroup;
			children = (
				9070AEB923A07DAA00297194 /* EmailValidator.swift */,
				9070AEB823A07DAA00297194 /* PasswordValidator.swift */,
			);
			path = Validators;
			sourceTree = "<group>";
		};
		9070AEBC23A07DD300297194 /* Protocols */ = {
			isa = PBXGroup;
			children = (
				9070AEBD23A07DD300297194 /* LoginViewControllerProtocol.swift */,
			);
			path = Protocols;
			sourceTree = "<group>";
		};
		9070AEBF23A07DF300297194 /* Controllers */ = {
			isa = PBXGroup;
			children = (
				9070AEC023A07DF300297194 /* LoginController.swift */,
			);
			path = Controllers;
			sourceTree = "<group>";
		};
		9070AEC223A07E0600297194 /* Models */ = {
			isa = PBXGroup;
			children = (
				9070AEC323A07E0600297194 /* LoginModel.swift */,
			);
			path = Models;
			sourceTree = "<group>";
		};
/* End PBXGroup section */

/* Begin PBXNativeTarget section */
		90462780239F104E0094D540 /* iddog */ = {
			isa = PBXNativeTarget;
			buildConfigurationList = 904627AE239F104F0094D540 /* Build configuration list for PBXNativeTarget "iddog" */;
			buildPhases = (
				9046277D239F104E0094D540 /* Sources */,
				9046277E239F104E0094D540 /* Frameworks */,
				9046277F239F104E0094D540 /* Resources */,
			);
			buildRules = (
			);
			dependencies = (
			);
			name = iddog;
			productName = iddog;
			productReference = 90462781239F104E0094D540 /* iddog.app */;
			productType = "com.apple.product-type.application";
		};
		90462799239F104F0094D540 /* iddogTests */ = {
			isa = PBXNativeTarget;
			buildConfigurationList = 904627B1239F104F0094D540 /* Build configuration list for PBXNativeTarget "iddogTests" */;
			buildPhases = (
				90462796239F104F0094D540 /* Sources */,
				90462797239F104F0094D540 /* Frameworks */,
				90462798239F104F0094D540 /* Resources */,
			);
			buildRules = (
			);
			dependencies = (
				9046279C239F104F0094D540 /* PBXTargetDependency */,
			);
			name = iddogTests;
			productName = iddogTests;
			productReference = 9046279A239F104F0094D540 /* iddogTests.xctest */;
			productType = "com.apple.product-type.bundle.unit-test";
		};
		904627A4239F104F0094D540 /* iddogUITests */ = {
			isa = PBXNativeTarget;
			buildConfigurationList = 904627B4239F104F0094D540 /* Build configuration list for PBXNativeTarget "iddogUITests" */;
			buildPhases = (
				904627A1239F104F0094D540 /* Sources */,
				904627A2239F104F0094D540 /* Frameworks */,
				904627A3239F104F0094D540 /* Resources */,
			);
			buildRules = (
			);
			dependencies = (
				904627A7239F104F0094D540 /* PBXTargetDependency */,
			);
			name = iddogUITests;
			productName = iddogUITests;
			productReference = 904627A5239F104F0094D540 /* iddogUITests.xctest */;
			productType = "com.apple.product-type.bundle.ui-testing";
		};
/* End PBXNativeTarget section */

/* Begin PBXProject section */
		90462779239F104E0094D540 /* Project object */ = {
			isa = PBXProject;
			attributes = {
				LastSwiftUpdateCheck = 1120;
				LastUpgradeCheck = 1120;
				ORGANIZATIONNAME = "Cesar Paiva";
				TargetAttributes = {
					90462780239F104E0094D540 = {
						CreatedOnToolsVersion = 11.2.1;
					};
					90462799239F104F0094D540 = {
						CreatedOnToolsVersion = 11.2.1;
						TestTargetID = 90462780239F104E0094D540;
					};
					904627A4239F104F0094D540 = {
						CreatedOnToolsVersion = 11.2.1;
						TestTargetID = 90462780239F104E0094D540;
					};
				};
			};
			buildConfigurationList = 9046277C239F104E0094D540 /* Build configuration list for PBXProject "iddog" */;
			compatibilityVersion = "Xcode 9.3";
			developmentRegion = en;
			hasScannedForEncodings = 0;
			knownRegions = (
				en,
				Base,
			);
			mainGroup = 90462778239F104E0094D540;
			productRefGroup = 90462782239F104E0094D540 /* Products */;
			projectDirPath = "";
			projectRoot = "";
			targets = (
				90462780239F104E0094D540 /* iddog */,
				90462799239F104F0094D540 /* iddogTests */,
				904627A4239F104F0094D540 /* iddogUITests */,
			);
		};
/* End PBXProject section */

/* Begin PBXResourcesBuildPhase section */
		9046277F239F104E0094D540 /* Resources */ = {
			isa = PBXResourcesBuildPhase;
			buildActionMask = 2147483647;
			files = (
				90462794239F104F0094D540 /* LaunchScreen.storyboard in Resources */,
				90462791239F104F0094D540 /* Assets.xcassets in Resources */,
				9046278C239F104E0094D540 /* Main.storyboard in Resources */,
			);
			runOnlyForDeploymentPostprocessing = 0;
		};
		90462798239F104F0094D540 /* Resources */ = {
			isa = PBXResourcesBuildPhase;
			buildActionMask = 2147483647;
			files = (
			);
			runOnlyForDeploymentPostprocessing = 0;
		};
		904627A3239F104F0094D540 /* Resources */ = {
			isa = PBXResourcesBuildPhase;
			buildActionMask = 2147483647;
			files = (
			);
			runOnlyForDeploymentPostprocessing = 0;
		};
/* End PBXResourcesBuildPhase section */

/* Begin PBXSourcesBuildPhase section */
		9046277D239F104E0094D540 /* Sources */ = {
			isa = PBXSourcesBuildPhase;
			buildActionMask = 2147483647;
			files = (
				9070AEBB23A07DB200297194 /* PasswordValidator.swift in Sources */,
				9070AEB023A07D0000297194 /* LoginViewController.swift in Sources */,
				9070AEBE23A07DD900297194 /* LoginViewControllerProtocol.swift in Sources */,
				9046278F239F104E0094D540 /* iddog.xcdatamodeld in Sources */,
				9070AEC123A07DF700297194 /* LoginController.swift in Sources */,
				9070AEC423A07E2C00297194 /* LoginModel.swift in Sources */,
				90462785239F104E0094D540 /* AppDelegate.swift in Sources */,
				9070AEB623A07D8800297194 /* LoginViewModel.swift in Sources */,
				90462787239F104E0094D540 /* SceneDelegate.swift in Sources */,
				9070AEBA23A07DAF00297194 /* EmailValidator.swift in Sources */,
			);
			runOnlyForDeploymentPostprocessing = 0;
		};
		90462796239F104F0094D540 /* Sources */ = {
			isa = PBXSourcesBuildPhase;
			buildActionMask = 2147483647;
			files = (
				9046279F239F104F0094D540 /* iddogTests.swift in Sources */,
			);
			runOnlyForDeploymentPostprocessing = 0;
		};
		904627A1239F104F0094D540 /* Sources */ = {
			isa = PBXSourcesBuildPhase;
			buildActionMask = 2147483647;
			files = (
				904627AA239F104F0094D540 /* iddogUITests.swift in Sources */,
			);
			runOnlyForDeploymentPostprocessing = 0;
		};
/* End PBXSourcesBuildPhase section */

/* Begin PBXTargetDependency section */
		9046279C239F104F0094D540 /* PBXTargetDependency */ = {
			isa = PBXTargetDependency;
			target = 90462780239F104E0094D540 /* iddog */;
			targetProxy = 9046279B239F104F0094D540 /* PBXContainerItemProxy */;
		};
		904627A7239F104F0094D540 /* PBXTargetDependency */ = {
			isa = PBXTargetDependency;
			target = 90462780239F104E0094D540 /* iddog */;
			targetProxy = 904627A6239F104F0094D540 /* PBXContainerItemProxy */;
		};
/* End PBXTargetDependency section */

/* Begin PBXVariantGroup section */
		9046278A239F104E0094D540 /* Main.storyboard */ = {
			isa = PBXVariantGroup;
			children = (
				9046278B239F104E0094D540 /* Base */,
			);
			name = Main.storyboard;
			sourceTree = "<group>";
		};
		90462792239F104F0094D540 /* LaunchScreen.storyboard */ = {
			isa = PBXVariantGroup;
			children = (
				90462793239F104F0094D540 /* Base */,
			);
			name = LaunchScreen.storyboard;
			sourceTree = "<group>";
		};
/* End PBXVariantGroup section */

/* Begin XCBuildConfiguration section */
		904627AC239F104F0094D540 /* Debug */ = {
			isa = XCBuildConfiguration;
			buildSettings = {
				ALWAYS_SEARCH_USER_PATHS = NO;
				CLANG_ANALYZER_NONNULL = YES;
				CLANG_ANALYZER_NUMBER_OBJECT_CONVERSION = YES_AGGRESSIVE;
				CLANG_CXX_LANGUAGE_STANDARD = "gnu++14";
				CLANG_CXX_LIBRARY = "libc++";
				CLANG_ENABLE_MODULES = YES;
				CLANG_ENABLE_OBJC_ARC = YES;
				CLANG_ENABLE_OBJC_WEAK = YES;
				CLANG_WARN_BLOCK_CAPTURE_AUTORELEASING = YES;
				CLANG_WARN_BOOL_CONVERSION = YES;
				CLANG_WARN_COMMA = YES;
				CLANG_WARN_CONSTANT_CONVERSION = YES;
				CLANG_WARN_DEPRECATED_OBJC_IMPLEMENTATIONS = YES;
				CLANG_WARN_DIRECT_OBJC_ISA_USAGE = YES_ERROR;
				CLANG_WARN_DOCUMENTATION_COMMENTS = YES;
				CLANG_WARN_EMPTY_BODY = YES;
				CLANG_WARN_ENUM_CONVERSION = YES;
				CLANG_WARN_INFINITE_RECURSION = YES;
				CLANG_WARN_INT_CONVERSION = YES;
				CLANG_WARN_NON_LITERAL_NULL_CONVERSION = YES;
				CLANG_WARN_OBJC_IMPLICIT_RETAIN_SELF = YES;
				CLANG_WARN_OBJC_LITERAL_CONVERSION = YES;
				CLANG_WARN_OBJC_ROOT_CLASS = YES_ERROR;
				CLANG_WARN_RANGE_LOOP_ANALYSIS = YES;
				CLANG_WARN_STRICT_PROTOTYPES = YES;
				CLANG_WARN_SUSPICIOUS_MOVE = YES;
				CLANG_WARN_UNGUARDED_AVAILABILITY = YES_AGGRESSIVE;
				CLANG_WARN_UNREACHABLE_CODE = YES;
				CLANG_WARN__DUPLICATE_METHOD_MATCH = YES;
				COPY_PHASE_STRIP = NO;
				DEBUG_INFORMATION_FORMAT = dwarf;
				ENABLE_STRICT_OBJC_MSGSEND = YES;
				ENABLE_TESTABILITY = YES;
				GCC_C_LANGUAGE_STANDARD = gnu11;
				GCC_DYNAMIC_NO_PIC = NO;
				GCC_NO_COMMON_BLOCKS = YES;
				GCC_OPTIMIZATION_LEVEL = 0;
				GCC_PREPROCESSOR_DEFINITIONS = (
					"DEBUG=1",
					"$(inherited)",
				);
				GCC_WARN_64_TO_32_BIT_CONVERSION = YES;
				GCC_WARN_ABOUT_RETURN_TYPE = YES_ERROR;
				GCC_WARN_UNDECLARED_SELECTOR = YES;
				GCC_WARN_UNINITIALIZED_AUTOS = YES_AGGRESSIVE;
				GCC_WARN_UNUSED_FUNCTION = YES;
				GCC_WARN_UNUSED_VARIABLE = YES;
				IPHONEOS_DEPLOYMENT_TARGET = 13.2;
				MTL_ENABLE_DEBUG_INFO = INCLUDE_SOURCE;
				MTL_FAST_MATH = YES;
				ONLY_ACTIVE_ARCH = YES;
				SDKROOT = iphoneos;
				SWIFT_ACTIVE_COMPILATION_CONDITIONS = DEBUG;
				SWIFT_OPTIMIZATION_LEVEL = "-Onone";
			};
			name = Debug;
		};
		904627AD239F104F0094D540 /* Release */ = {
			isa = XCBuildConfiguration;
			buildSettings = {
				ALWAYS_SEARCH_USER_PATHS = NO;
				CLANG_ANALYZER_NONNULL = YES;
				CLANG_ANALYZER_NUMBER_OBJECT_CONVERSION = YES_AGGRESSIVE;
				CLANG_CXX_LANGUAGE_STANDARD = "gnu++14";
				CLANG_CXX_LIBRARY = "libc++";
				CLANG_ENABLE_MODULES = YES;
				CLANG_ENABLE_OBJC_ARC = YES;
				CLANG_ENABLE_OBJC_WEAK = YES;
				CLANG_WARN_BLOCK_CAPTURE_AUTORELEASING = YES;
				CLANG_WARN_BOOL_CONVERSION = YES;
				CLANG_WARN_COMMA = YES;
				CLANG_WARN_CONSTANT_CONVERSION = YES;
				CLANG_WARN_DEPRECATED_OBJC_IMPLEMENTATIONS = YES;
				CLANG_WARN_DIRECT_OBJC_ISA_USAGE = YES_ERROR;
				CLANG_WARN_DOCUMENTATION_COMMENTS = YES;
				CLANG_WARN_EMPTY_BODY = YES;
				CLANG_WARN_ENUM_CONVERSION = YES;
				CLANG_WARN_INFINITE_RECURSION = YES;
				CLANG_WARN_INT_CONVERSION = YES;
				CLANG_WARN_NON_LITERAL_NULL_CONVERSION = YES;
				CLANG_WARN_OBJC_IMPLICIT_RETAIN_SELF = YES;
				CLANG_WARN_OBJC_LITERAL_CONVERSION = YES;
				CLANG_WARN_OBJC_ROOT_CLASS = YES_ERROR;
				CLANG_WARN_RANGE_LOOP_ANALYSIS = YES;
				CLANG_WARN_STRICT_PROTOTYPES = YES;
				CLANG_WARN_SUSPICIOUS_MOVE = YES;
				CLANG_WARN_UNGUARDED_AVAILABILITY = YES_AGGRESSIVE;
				CLANG_WARN_UNREACHABLE_CODE = YES;
				CLANG_WARN__DUPLICATE_METHOD_MATCH = YES;
				COPY_PHASE_STRIP = NO;
				DEBUG_INFORMATION_FORMAT = "dwarf-with-dsym";
				ENABLE_NS_ASSERTIONS = NO;
				ENABLE_STRICT_OBJC_MSGSEND = YES;
				GCC_C_LANGUAGE_STANDARD = gnu11;
				GCC_NO_COMMON_BLOCKS = YES;
				GCC_WARN_64_TO_32_BIT_CONVERSION = YES;
				GCC_WARN_ABOUT_RETURN_TYPE = YES_ERROR;
				GCC_WARN_UNDECLARED_SELECTOR = YES;
				GCC_WARN_UNINITIALIZED_AUTOS = YES_AGGRESSIVE;
				GCC_WARN_UNUSED_FUNCTION = YES;
				GCC_WARN_UNUSED_VARIABLE = YES;
				IPHONEOS_DEPLOYMENT_TARGET = 13.2;
				MTL_ENABLE_DEBUG_INFO = NO;
				MTL_FAST_MATH = YES;
				SDKROOT = iphoneos;
				SWIFT_COMPILATION_MODE = wholemodule;
				SWIFT_OPTIMIZATION_LEVEL = "-O";
				VALIDATE_PRODUCT = YES;
			};
			name = Release;
		};
		904627AF239F104F0094D540 /* Debug */ = {
			isa = XCBuildConfiguration;
			buildSettings = {
				ASSETCATALOG_COMPILER_APPICON_NAME = AppIcon;
				CODE_SIGN_STYLE = Automatic;
				INFOPLIST_FILE = iddog/Info.plist;
				IPHONEOS_DEPLOYMENT_TARGET = 9.0;
				LD_RUNPATH_SEARCH_PATHS = (
					"$(inherited)",
					"@executable_path/Frameworks",
				);
				PRODUCT_BUNDLE_IDENTIFIER = com.cesarpaiva.iddog;
				PRODUCT_NAME = "$(TARGET_NAME)";
				SWIFT_VERSION = 4.2;
				TARGETED_DEVICE_FAMILY = 1;
			};
			name = Debug;
		};
		904627B0239F104F0094D540 /* Release */ = {
			isa = XCBuildConfiguration;
			buildSettings = {
				ASSETCATALOG_COMPILER_APPICON_NAME = AppIcon;
				CODE_SIGN_STYLE = Automatic;
				INFOPLIST_FILE = iddog/Info.plist;
				IPHONEOS_DEPLOYMENT_TARGET = 9.0;
				LD_RUNPATH_SEARCH_PATHS = (
					"$(inherited)",
					"@executable_path/Frameworks",
				);
				PRODUCT_BUNDLE_IDENTIFIER = com.cesarpaiva.iddog;
				PRODUCT_NAME = "$(TARGET_NAME)";
				SWIFT_VERSION = 4.2;
				TARGETED_DEVICE_FAMILY = 1;
			};
			name = Release;
		};
		904627B2239F104F0094D540 /* Debug */ = {
			isa = XCBuildConfiguration;
			buildSettings = {
				ALWAYS_EMBED_SWIFT_STANDARD_LIBRARIES = YES;
				BUNDLE_LOADER = "$(TEST_HOST)";
				CODE_SIGN_STYLE = Automatic;
				INFOPLIST_FILE = iddogTests/Info.plist;
				IPHONEOS_DEPLOYMENT_TARGET = 13.2;
				LD_RUNPATH_SEARCH_PATHS = (
					"$(inherited)",
					"@executable_path/Frameworks",
					"@loader_path/Frameworks",
				);
				PRODUCT_BUNDLE_IDENTIFIER = com.cesarpaiva.iddogTests;
				PRODUCT_NAME = "$(TARGET_NAME)";
				SWIFT_VERSION = 5.0;
				TARGETED_DEVICE_FAMILY = "1,2";
				TEST_HOST = "$(BUILT_PRODUCTS_DIR)/iddog.app/iddog";
			};
			name = Debug;
		};
		904627B3239F104F0094D540 /* Release */ = {
			isa = XCBuildConfiguration;
			buildSettings = {
				ALWAYS_EMBED_SWIFT_STANDARD_LIBRARIES = YES;
				BUNDLE_LOADER = "$(TEST_HOST)";
				CODE_SIGN_STYLE = Automatic;
				INFOPLIST_FILE = iddogTests/Info.plist;
				IPHONEOS_DEPLOYMENT_TARGET = 13.2;
				LD_RUNPATH_SEARCH_PATHS = (
					"$(inherited)",
					"@executable_path/Frameworks",
					"@loader_path/Frameworks",
				);
				PRODUCT_BUNDLE_IDENTIFIER = com.cesarpaiva.iddogTests;
				PRODUCT_NAME = "$(TARGET_NAME)";
				SWIFT_VERSION = 5.0;
				TARGETED_DEVICE_FAMILY = "1,2";
				TEST_HOST = "$(BUILT_PRODUCTS_DIR)/iddog.app/iddog";
			};
			name = Release;
		};
		904627B5239F104F0094D540 /* Debug */ = {
			isa = XCBuildConfiguration;
			buildSettings = {
				ALWAYS_EMBED_SWIFT_STANDARD_LIBRARIES = YES;
				CODE_SIGN_STYLE = Automatic;
				INFOPLIST_FILE = iddogUITests/Info.plist;
				LD_RUNPATH_SEARCH_PATHS = (
					"$(inherited)",
					"@executable_path/Frameworks",
					"@loader_path/Frameworks",
				);
				PRODUCT_BUNDLE_IDENTIFIER = com.cesarpaiva.iddogUITests;
				PRODUCT_NAME = "$(TARGET_NAME)";
				SWIFT_VERSION = 5.0;
				TARGETED_DEVICE_FAMILY = "1,2";
				TEST_TARGET_NAME = iddog;
			};
			name = Debug;
		};
		904627B6239F104F0094D540 /* Release */ = {
			isa = XCBuildConfiguration;
			buildSettings = {
				ALWAYS_EMBED_SWIFT_STANDARD_LIBRARIES = YES;
				CODE_SIGN_STYLE = Automatic;
				INFOPLIST_FILE = iddogUITests/Info.plist;
				LD_RUNPATH_SEARCH_PATHS = (
					"$(inherited)",
					"@executable_path/Frameworks",
					"@loader_path/Frameworks",
				);
				PRODUCT_BUNDLE_IDENTIFIER = com.cesarpaiva.iddogUITests;
				PRODUCT_NAME = "$(TARGET_NAME)";
				SWIFT_VERSION = 5.0;
				TARGETED_DEVICE_FAMILY = "1,2";
				TEST_TARGET_NAME = iddog;
			};
			name = Release;
		};
/* End XCBuildConfiguration section */

/* Begin XCConfigurationList section */
		9046277C239F104E0094D540 /* Build configuration list for PBXProject "iddog" */ = {
			isa = XCConfigurationList;
			buildConfigurations = (
				904627AC239F104F0094D540 /* Debug */,
				904627AD239F104F0094D540 /* Release */,
			);
			defaultConfigurationIsVisible = 0;
			defaultConfigurationName = Release;
		};
		904627AE239F104F0094D540 /* Build configuration list for PBXNativeTarget "iddog" */ = {
			isa = XCConfigurationList;
			buildConfigurations = (
				904627AF239F104F0094D540 /* Debug */,
				904627B0239F104F0094D540 /* Release */,
			);
			defaultConfigurationIsVisible = 0;
			defaultConfigurationName = Release;
		};
		904627B1239F104F0094D540 /* Build configuration list for PBXNativeTarget "iddogTests" */ = {
			isa = XCConfigurationList;
			buildConfigurations = (
				904627B2239F104F0094D540 /* Debug */,
				904627B3239F104F0094D540 /* Release */,
			);
			defaultConfigurationIsVisible = 0;
			defaultConfigurationName = Release;
		};
		904627B4239F104F0094D540 /* Build configuration list for PBXNativeTarget "iddogUITests" */ = {
			isa = XCConfigurationList;
			buildConfigurations = (
				904627B5239F104F0094D540 /* Debug */,
				904627B6239F104F0094D540 /* Release */,
			);
			defaultConfigurationIsVisible = 0;
			defaultConfigurationName = Release;
		};
/* End XCConfigurationList section */

/* Begin XCVersionGroup section */
		9046278D239F104E0094D540 /* iddog.xcdatamodeld */ = {
			isa = XCVersionGroup;
			children = (
				9046278E239F104E0094D540 /* iddog.xcdatamodel */,
			);
			currentVersion = 9046278E239F104E0094D540 /* iddog.xcdatamodel */;
			path = iddog.xcdatamodeld;
			sourceTree = "<group>";
			versionGroupType = wrapper.xcdatamodel;
		};
/* End XCVersionGroup section */
	};
	rootObject = 90462779239F104E0094D540 /* Project object */;
}
